// !$*UTF8*$!
{
	archiveVersion = 1;
	classes = {
	};
	objectVersion = 46;
	objects = {

/* Begin PBXBuildFile section */
		18CA66EF1A3A7BCF007286D3 /* main.m in Sources */ = {isa = PBXBuildFile; fileRef = 18CA66EE1A3A7BCF007286D3 /* main.m */; };
		18CA66F21A3A7BCF007286D3 /* AppDelegate.m in Sources */ = {isa = PBXBuildFile; fileRef = 18CA66F11A3A7BCF007286D3 /* AppDelegate.m */; };
		18CA66F51A3A7BCF007286D3 /* ViewController.m in Sources */ = {isa = PBXBuildFile; fileRef = 18CA66F41A3A7BCF007286D3 /* ViewController.m */; };
		18CA66F81A3A7BCF007286D3 /* Main.storyboard in Resources */ = {isa = PBXBuildFile; fileRef = 18CA66F61A3A7BCF007286D3 /* Main.storyboard */; };
		18CA66FA1A3A7BCF007286D3 /* Images.xcassets in Resources */ = {isa = PBXBuildFile; fileRef = 18CA66F91A3A7BCF007286D3 /* Images.xcassets */; };
		18CA66FD1A3A7BCF007286D3 /* LaunchScreen.xib in Resources */ = {isa = PBXBuildFile; fileRef = 18CA66FB1A3A7BCF007286D3 /* LaunchScreen.xib */; };
		18CA67091A3A7BCF007286D3 /* A01___Tests.m in Sources */ = {isa = PBXBuildFile; fileRef = 18CA67081A3A7BCF007286D3 /* A01___Tests.m */; };
		18CA67141A3A7C00007286D3 /* CZPerson.m in Sources */ = {isa = PBXBuildFile; fileRef = 18CA67131A3A7C00007286D3 /* CZPerson.m */; };
/* End PBXBuildFile section */

/* Begin PBXContainerItemProxy section */
		18CA67031A3A7BCF007286D3 /* PBXContainerItemProxy */ = {
			isa = PBXContainerItemProxy;
			containerPortal = 18CA66E11A3A7BCF007286D3 /* Project object */;
			proxyType = 1;
			remoteGlobalIDString = 18CA66E81A3A7BCF007286D3;
			remoteInfo = "A01-复习";
		};
/* End PBXContainerItemProxy section */

/* Begin PBXFileReference section */
		18CA66E91A3A7BCF007286D3 /* A01-复习.app */ = {isa = PBXFileReference; explicitFileType = wrapper.application; includeInIndex = 0; path = "A01-复习.app"; sourceTree = BUILT_PRODUCTS_DIR; };
		18CA66ED1A3A7BCF007286D3 /* Info.plist */ = {isa = PBXFileReference; lastKnownFileType = text.plist.xml; path = Info.plist; sourceTree = "<group>"; };
		18CA66EE1A3A7BCF007286D3 /* main.m */ = {isa = PBXFileReference; lastKnownFileType = sourcecode.c.objc; path = main.m; sourceTree = "<group>"; };
		18CA66F01A3A7BCF007286D3 /* AppDelegate.h */ = {isa = PBXFileReference; lastKnownFileType = sourcecode.c.h; path = AppDelegate.h; sourceTree = "<group>"; };
		18CA66F11A3A7BCF007286D3 /* AppDelegate.m */ = {isa = PBXFileReference; lastKnownFileType = sourcecode.c.objc; path = AppDelegate.m; sourceTree = "<group>"; };
		18CA66F31A3A7BCF007286D3 /* ViewController.h */ = {isa = PBXFileReference; lastKnownFileType = sourcecode.c.h; path = ViewController.h; sourceTree = "<group>"; };
		18CA66F41A3A7BCF007286D3 /* ViewController.m */ = {isa = PBXFileReference; lastKnownFileType = sourcecode.c.objc; path = ViewController.m; sourceTree = "<group>"; };
		18CA66F71A3A7BCF007286D3 /* Base */ = {isa = PBXFileReference; lastKnownFileType = file.storyboard; name = Base; path = Base.lproj/Main.storyboard; sourceTree = "<group>"; };
		18CA66F91A3A7BCF007286D3 /* Images.xcassets */ = {isa = PBXFileReference; lastKnownFileType = folder.assetcatalog; path = Images.xcassets; sourceTree = "<group>"; };
		18CA66FC1A3A7BCF007286D3 /* Base */ = {isa = PBXFileReference; lastKnownFileType = file.xib; name = Base; path = Base.lproj/LaunchScreen.xib; sourceTree = "<group>"; };
		18CA67021A3A7BCF007286D3 /* A01-复习Tests.xctest */ = {isa = PBXFileReference; explicitFileType = wrapper.cfbundle; includeInIndex = 0; path = "A01-复习Tests.xctest"; sourceTree = BUILT_PRODUCTS_DIR; };
		18CA67071A3A7BCF007286D3 /* Info.plist */ = {isa = PBXFileReference; lastKnownFileType = text.plist.xml; path = Info.plist; sourceTree = "<group>"; };
		18CA67081A3A7BCF007286D3 /* A01___Tests.m */ = {isa = PBXFileReference; lastKnownFileType = sourcecode.c.objc; path = "A01___Tests.m"; sourceTree = "<group>"; };
		18CA67121A3A7C00007286D3 /* CZPerson.h */ = {isa = PBXFileReference; fileEncoding = 4; lastKnownFileType = sourcecode.c.h; path = CZPerson.h; sourceTree = "<group>"; };
		18CA67131A3A7C00007286D3 /* CZPerson.m */ = {isa = PBXFileReference; fileEncoding = 4; lastKnownFileType = sourcecode.c.objc; path = CZPerson.m; sourceTree = "<group>"; };
/* End PBXFileReference section */

/* Begin PBXFrameworksBuildPhase section */
		18CA66E61A3A7BCF007286D3 /* Frameworks */ = {
			isa = PBXFrameworksBuildPhase;
			buildActionMask = 2147483647;
			files = (
			);
			runOnlyForDeploymentPostprocessing = 0;
		};
		18CA66FF1A3A7BCF007286D3 /* Frameworks */ = {
			isa = PBXFrameworksBuildPhase;
			buildActionMask = 2147483647;
			files = (
			);
			runOnlyForDeploymentPostprocessing = 0;
		};
/* End PBXFrameworksBuildPhase section */

/* Begin PBXGroup section */
		18CA66E01A3A7BCE007286D3 = {
			isa = PBXGroup;
			children = (
				18CA66EB1A3A7BCF007286D3 /* A01-复习 */,
				18CA67051A3A7BCF007286D3 /* A01-复习Tests */,
				18CA66EA1A3A7BCF007286D3 /* Products */,
			);
			sourceTree = "<group>";
		};
		18CA66EA1A3A7BCF007286D3 /* Products */ = {
			isa = PBXGroup;
			children = (
				18CA66E91A3A7BCF007286D3 /* A01-复习.app */,
				18CA67021A3A7BCF007286D3 /* A01-复习Tests.xctest */,
			);
			name = Products;
			sourceTree = "<group>";
		};
		18CA66EB1A3A7BCF007286D3 /* A01-复习 */ = {
			isa = PBXGroup;
			children = (
				18CA66F01A3A7BCF007286D3 /* AppDelegate.h */,
				18CA66F11A3A7BCF007286D3 /* AppDelegate.m */,
				18CA66F31A3A7BCF007286D3 /* ViewController.h */,
				18CA66F41A3A7BCF007286D3 /* ViewController.m */,
				18CA66F61A3A7BCF007286D3 /* Main.storyboard */,
				18CA66F91A3A7BCF007286D3 /* Images.xcassets */,
				18CA66FB1A3A7BCF007286D3 /* LaunchScreen.xib */,
				18CA67121A3A7C00007286D3 /* CZPerson.h */,
				18CA67131A3A7C00007286D3 /* CZPerson.m */,
				18CA66EC1A3A7BCF007286D3 /* Supporting Files */,
			);
			path = "A01-复习";
			sourceTree = "<group>";
		};
		18CA66EC1A3A7BCF007286D3 /* Supporting Files */ = {
			isa = PBXGroup;
			children = (
				18CA66ED1A3A7BCF007286D3 /* Info.plist */,
				18CA66EE1A3A7BCF007286D3 /* main.m */,
			);
			name = "Supporting Files";
			sourceTree = "<group>";
		};
		18CA67051A3A7BCF007286D3 /* A01-复习Tests */ = {
			isa = PBXGroup;
			children = (
				18CA67081A3A7BCF007286D3 /* A01___Tests.m */,
				18CA67061A3A7BCF007286D3 /* Supporting Files */,
			);
			path = "A01-复习Tests";
			sourceTree = "<group>";
		};
		18CA67061A3A7BCF007286D3 /* Supporting Files */ = {
			isa = PBXGroup;
			children = (
				18CA67071A3A7BCF007286D3 /* Info.plist */,
			);
			name = "Supporting Files";
			sourceTree = "<group>";
		};
/* End PBXGroup section */

/* Begin PBXNativeTarget section */
		18CA66E81A3A7BCF007286D3 /* A01-复习 */ = {
			isa = PBXNativeTarget;
			buildConfigurationList = 18CA670C1A3A7BCF007286D3 /* Build configuration list for PBXNativeTarget "A01-复习" */;
			buildPhases = (
				18CA66E51A3A7BCF007286D3 /* Sources */,
				18CA66E61A3A7BCF007286D3 /* Frameworks */,
				18CA66E71A3A7BCF007286D3 /* Resources */,
			);
			buildRules = (
			);
			dependencies = (
			);
			name = "A01-复习";
			productName = "A01-复习";
			productReference = 18CA66E91A3A7BCF007286D3 /* A01-复习.app */;
			productType = "com.apple.product-type.application";
		};
		18CA67011A3A7BCF007286D3 /* A01-复习Tests */ = {
			isa = PBXNativeTarget;
			buildConfigurationList = 18CA670F1A3A7BCF007286D3 /* Build configuration list for PBXNativeTarget "A01-复习Tests" */;
			buildPhases = (
				18CA66FE1A3A7BCF007286D3 /* Sources */,
				18CA66FF1A3A7BCF007286D3 /* Frameworks */,
				18CA67001A3A7BCF007286D3 /* Resources */,
			);
			buildRules = (
			);
			dependencies = (
				18CA67041A3A7BCF007286D3 /* PBXTargetDependency */,
			);
			name = "A01-复习Tests";
			productName = "A01-复习Tests";
			productReference = 18CA67021A3A7BCF007286D3 /* A01-复习Tests.xctest */;
			productType = "com.apple.product-type.bundle.unit-test";
		};
/* End PBXNativeTarget section */

/* Begin PBXProject section */
		18CA66E11A3A7BCF007286D3 /* Project object */ = {
			isa = PBXProject;
			attributes = {
				LastUpgradeCheck = 0610;
				ORGANIZATIONNAME = itcast;
				TargetAttributes = {
					18CA66E81A3A7BCF007286D3 = {
						CreatedOnToolsVersion = 6.1;
					};
					18CA67011A3A7BCF007286D3 = {
						CreatedOnToolsVersion = 6.1;
						TestTargetID = 18CA66E81A3A7BCF007286D3;
					};
				};
			};
			buildConfigurationList = 18CA66E41A3A7BCF007286D3 /* Build configuration list for PBXProject "A01-复习" */;
			compatibilityVersion = "Xcode 3.2";
			developmentRegion = English;
			hasScannedForEncodings = 0;
			knownRegions = (
				en,
				Base,
			);
			mainGroup = 18CA66E01A3A7BCE007286D3;
			productRefGroup = 18CA66EA1A3A7BCF007286D3 /* Products */;
			projectDirPath = "";
			projectRoot = "";
			targets = (
				18CA66E81A3A7BCF007286D3 /* A01-复习 */,
				18CA67011A3A7BCF007286D3 /* A01-复习Tests */,
			);
		};
/* End PBXProject section */

/* Begin PBXResourcesBuildPhase section */
		18CA66E71A3A7BCF007286D3 /* Resources */ = {
			isa = PBXResourcesBuildPhase;
			buildActionMask = 2147483647;
			files = (
				18CA66F81A3A7BCF007286D3 /* Main.storyboard in Resources */,
				18CA66FD1A3A7BCF007286D3 /* LaunchScreen.xib in Resources */,
				18CA66FA1A3A7BCF007286D3 /* Images.xcassets in Resources */,
			);
			runOnlyForDeploymentPostprocessing = 0;
		};
		18CA67001A3A7BCF007286D3 /* Resources */ = {
			isa = PBXResourcesBuildPhase;
			buildActionMask = 2147483647;
			files = (
			);
			runOnlyForDeploymentPostprocessing = 0;
		};
/* End PBXResourcesBuildPhase section */

/* Begin PBXSourcesBuildPhase section */
		18CA66E51A3A7BCF007286D3 /* Sources */ = {
			isa = PBXSourcesBuildPhase;
			buildActionMask = 2147483647;
			files = (
				18CA66F51A3A7BCF007286D3 /* ViewController.m in Sources */,
				18CA67141A3A7C00007286D3 /* CZPerson.m in Sources */,
				18CA66F21A3A7BCF007286D3 /* AppDelegate.m in Sources */,
				18CA66EF1A3A7BCF007286D3 /* main.m in Sources */,
			);
			runOnlyForDeploymentPostprocessing = 0;
		};
		18CA66FE1A3A7BCF007286D3 /* Sources */ = {
			isa = PBXSourcesBuildPhase;
			buildActionMask = 2147483647;
			files = (
				18CA67091A3A7BCF007286D3 /* A01___Tests.m in Sources */,
			);
			runOnlyForDeploymentPostprocessing = 0;
		};
/* End PBXSourcesBuildPhase section */

/* Begin PBXTargetDependency section */
		18CA67041A3A7BCF007286D3 /* PBXTargetDependency */ = {
			isa = PBXTargetDependency;
			target = 18CA66E81A3A7BCF007286D3 /* A01-复习 */;
			targetProxy = 18CA67031A3A7BCF007286D3 /* PBXContainerItemProxy */;
		};
/* End PBXTargetDependency section */

/* Begin PBXVariantGroup section */
		18CA66F61A3A7BCF007286D3 /* Main.storyboard */ = {
			isa = PBXVariantGroup;
			children = (
				18CA66F71A3A7BCF007286D3 /* Base */,
			);
			name = Main.storyboard;
			sourceTree = "<group>";
		};
		18CA66FB1A3A7BCF007286D3 /* LaunchScreen.xib */ = {
			isa = PBXVariantGroup;
			children = (
				18CA66FC1A3A7BCF007286D3 /* Base */,
			);
			name = LaunchScreen.xib;
			sourceTree = "<group>";
		};
/* End PBXVariantGroup section */

/* Begin XCBuildConfiguration section */
		18CA670A1A3A7BCF007286D3 /* Debug */ = {
			isa = XCBuildConfiguration;
			buildSettings = {
				ALWAYS_SEARCH_USER_PATHS = NO;
				CLANG_CXX_LANGUAGE_STANDARD = "gnu++0x";
				CLANG_CXX_LIBRARY = "libc++";
				CLANG_ENABLE_MODULES = YES;
				CLANG_ENABLE_OBJC_ARC = YES;
				CLANG_WARN_BOOL_CONVERSION = YES;
				CLANG_WARN_CONSTANT_CONVERSION = YES;
				CLANG_WARN_DIRECT_OBJC_ISA_USAGE = YES_ERROR;
				CLANG_WARN_EMPTY_BODY = YES;
				CLANG_WARN_ENUM_CONVERSION = YES;
				CLANG_WARN_INT_CONVERSION = YES;
				CLANG_WARN_OBJC_ROOT_CLASS = YES_ERROR;
				CLANG_WARN_UNREACHABLE_CODE = YES;
				CLANG_WARN__DUPLICATE_METHOD_MATCH = YES;
				"CODE_SIGN_IDENTITY[sdk=iphoneos*]" = "iPhone Developer";
				COPY_PHASE_STRIP = NO;
				ENABLE_STRICT_OBJC_MSGSEND = YES;
				GCC_C_LANGUAGE_STANDARD = gnu99;
				GCC_DYNAMIC_NO_PIC = NO;
				GCC_OPTIMIZATION_LEVEL = 0;
				GCC_PREPROCESSOR_DEFINITIONS = (
					"DEBUG=1",
					"$(inherited)",
				);
				GCC_SYMBOLS_PRIVATE_EXTERN = NO;
				GCC_WARN_64_TO_32_BIT_CONVERSION = YES;
				GCC_WARN_ABOUT_RETURN_TYPE = YES_ERROR;
				GCC_WARN_UNDECLARED_SELECTOR = YES;
				GCC_WARN_UNINITIALIZED_AUTOS = YES_AGGRESSIVE;
				GCC_WARN_UNUSED_FUNCTION = YES;
				GCC_WARN_UNUSED_VARIABLE = YES;
				IPHONEOS_DEPLOYMENT_TARGET = 8.1;
				MTL_ENABLE_DEBUG_INFO = YES;
				ONLY_ACTIVE_ARCH = YES;
				SDKROOT = iphoneos;
			};
			name = Debug;
		};
		18CA670B1A3A7BCF007286D3 /* Release */ = {
			isa = XCBuildConfiguration;
			buildSettings = {
				ALWAYS_SEARCH_USER_PATHS = NO;
				CLANG_CXX_LANGUAGE_STANDARD = "gnu++0x";
				CLANG_CXX_LIBRARY = "libc++";
				CLANG_ENABLE_MODULES = YES;
				CLANG_ENABLE_OBJC_ARC = YES;
				CLANG_WARN_BOOL_CONVERSION = YES;
				CLANG_WARN_CONSTANT_CONVERSION = YES;
				CLANG_WARN_DIRECT_OBJC_ISA_USAGE = YES_ERROR;
				CLANG_WARN_EMPTY_BODY = YES;
				CLANG_WARN_ENUM_CONVERSION = YES;
				CLANG_WARN_INT_CONVERSION = YES;
				CLANG_WARN_OBJC_ROOT_CLASS = YES_ERROR;
				CLANG_WARN_UNREACHABLE_CODE = YES;
				CLANG_WARN__DUPLICATE_METHOD_MATCH = YES;
				"CODE_SIGN_IDENTITY[sdk=iphoneos*]" = "iPhone Developer";
				COPY_PHASE_STRIP = YES;
				ENABLE_NS_ASSERTIONS = NO;
				ENABLE_STRICT_OBJC_MSGSEND = YES;
				GCC_C_LANGUAGE_STANDARD = gnu99;
				GCC_WARN_64_TO_32_BIT_CONVERSION = YES;
				GCC_WARN_ABOUT_RETURN_TYPE = YES_ERROR;
				GCC_WARN_UNDECLARED_SELECTOR = YES;
				GCC_WARN_UNINITIALIZED_AUTOS = YES_AGGRESSIVE;
				GCC_WARN_UNUSED_FUNCTION = YES;
				GCC_WARN_UNUSED_VARIABLE = YES;
				IPHONEOS_DEPLOYMENT_TARGET = 8.1;
				MTL_ENABLE_DEBUG_INFO = NO;
				SDKROOT = iphoneos;
				VALIDATE_PRODUCT = YES;
			};
			name = Release;
		};
		18CA670D1A3A7BCF007286D3 /* Debug */ = {
			isa = XCBuildConfiguration;
			buildSettings = {
				ASSETCATALOG_COMPILER_APPICON_NAME = AppIcon;
				INFOPLIST_FILE = "A01-复习/Info.plist";
				LD_RUNPATH_SEARCH_PATHS = "$(inherited) @executable_path/Frameworks";
				PRODUCT_NAME = "$(TARGET_NAME)";
			};
			name = Debug;
		};
		18CA670E1A3A7BCF007286D3 /* Release */ = {
			isa = XCBuildConfiguration;
			buildSettings = {
				ASSETCATALOG_COMPILER_APPICON_NAME = AppIcon;
				INFOPLIST_FILE = "A01-复习/Info.plist";
				LD_RUNPATH_SEARCH_PATHS = "$(inherited) @executable_path/Frameworks";
				PRODUCT_NAME = "$(TARGET_NAME)";
			};
			name = Release;
		};
		18CA67101A3A7BCF007286D3 /* Debug */ = {
			isa = XCBuildConfiguration;
			buildSettings = {
				BUNDLE_LOADER = "$(TEST_HOST)";
				FRAMEWORK_SEARCH_PATHS = (
					"$(SDKROOT)/Developer/Library/Frameworks",
					"$(inherited)",
				);
				GCC_PREPROCESSOR_DEFINITIONS = (
					"DEBUG=1",
					"$(inherited)",
				);
				INFOPLIST_FILE = "A01-复习Tests/Info.plist";
				LD_RUNPATH_SEARCH_PATHS = "$(inherited) @executable_path/Frameworks @loader_path/Frameworks";
				PRODUCT_NAME = "$(TARGET_NAME)";
				TEST_HOST = "$(BUILT_PRODUCTS_DIR)/A01-复习.app/A01-复习";
			};
			name = Debug;
		};
		18CA67111A3A7BCF007286D3 /* Release */ = {
			isa = XCBuildConfiguration;
			buildSettings = {
				BUNDLE_LOADER = "$(TEST_HOST)";
				FRAMEWORK_SEARCH_PATHS = (
					"$(SDKROOT)/Developer/Library/Frameworks",
					"$(inherited)",
				);
				INFOPLIST_FILE = "A01-复习Tests/Info.plist";
				LD_RUNPATH_SEARCH_PATHS = "$(inherited) @executable_path/Frameworks @loader_path/Frameworks";
				PRODUCT_NAME = "$(TARGET_NAME)";
				TEST_HOST = "$(BUILT_PRODUCTS_DIR)/A01-复习.app/A01-复习";
			};
			name = Release;
		};
/* End XCBuildConfiguration section */

/* Begin XCConfigurationList section */
		18CA66E41A3A7BCF007286D3 /* Build configuration list for PBXProject "A01-复习" */ = {
			isa = XCConfigurationList;
			buildConfigurations = (
				18CA670A1A3A7BCF007286D3 /* Debug */,
				18CA670B1A3A7BCF007286D3 /* Release */,
			);
			defaultConfigurationIsVisible = 0;
			defaultConfigurationName = Release;
		};
		18CA670C1A3A7BCF007286D3 /* Build configuration list for PBXNativeTarget "A01-复习" */ = {
			isa = XCConfigurationList;
			buildConfigurations = (
				18CA670D1A3A7BCF007286D3 /* Debug */,
				18CA670E1A3A7BCF007286D3 /* Release */,
			);
			defaultConfigurationIsVisible = 0;
		};
		18CA670F1A3A7BCF007286D3 /* Build configuration list for PBXNativeTarget "A01-复习Tests" */ = {
			isa = XCConfigurationList;
			buildConfigurations = (
				18CA67101A3A7BCF007286D3 /* Debug */,
				18CA67111A3A7BCF007286D3 /* Release */,
			);
			defaultConfigurationIsVisible = 0;
		};
/* End XCConfigurationList section */
	};
	rootObject = 18CA66E11A3A7BCF007286D3 /* Project object */;
}
